
Microsoft Visual Studio Solution File, Format Version 12.00
Project("{FAE04EC0-301F-11D3-BF4B-00C04F79EFBC}") = "ET.Core", "DotNet\ET.Core\ET.Core.csproj", "{442E2CA9-CF71-4674-BD88-185CBF842693}"
EndProject
Project("{FAE04EC0-301F-11D3-BF4B-00C04F79EFBC}") = "ET.ExcelExporter", "DotNet\ET.ExcelExporter\ET.ExcelExporter.csproj", "{32796A46-E4B9-4781-966C-48051FFA9F0B}"
EndProject
Project("{FAE04EC0-301F-11D3-BF4B-00C04F79EFBC}") = "ET.Hotfix", "DotNet\ET.Hotfix\ET.Hotfix.csproj", "{13CFA230-4151-4B52-B9CB-2A3E4DAAA93D}"
EndProject
Project("{FAE04EC0-301F-11D3-BF4B-00C04F79EFBC}") = "ET.Loader", "DotNet\ET.Loader\ET.Loader.csproj", "{669FFD01-7450-4D56-AAF8-2EDF611BB820}"
EndProject
Project("{FAE04EC0-301F-11D3-BF4B-00C04F79EFBC}") = "ET.Mathematics", "DotNet\ET.Mathematics\ET.Mathematics.csproj", "{48E93FFB-D96B-47DB-AA73-3BD46D594EA8}"
EndProject
Project("{FAE04EC0-301F-11D3-BF4B-00C04F79EFBC}") = "ET.Model", "DotNet\ET.Model\ET.Model.csproj", "{85A24A09-7746-460C-9FBE-75A4608A9B08}"
EndProject
Project("{FAE04EC0-301F-11D3-BF4B-00C04F79EFBC}") = "ET.Proto2CS", "DotNet\ET.Proto2CS\ET.Proto2CS.csproj", "{27F857FF-BC7C-4B5A-9145-A06C205A43A6}"
EndProject
Project("{FAE04EC0-301F-11D3-BF4B-00C04F79EFBC}") = "ET.Recast", "DotNet\ET.Recast\ET.Recast.csproj", "{99F26811-25AC-417B-9398-DA7ECF22B0D6}"
EndProject
Project("{FAE04EC0-301F-11D3-BF4B-00C04F79EFBC}") = "ET.SourceGenerator", "DotNet\ET.SourceGenerator\ET.SourceGenerator.csproj", "{4851E943-C06C-419E-8BB1-29268F27D9E7}"
EndProject
Project("{FAE04EC0-301F-11D3-BF4B-00C04F79EFBC}") = "ET.SourceGeneratorAttribute", "DotNet\ET.SourceGeneratorAttribute\ET.SourceGeneratorAttribute.csproj", "{63A4F44D-C0EB-4D9B-AFCC-23E15D9AEB2E}"
EndProject
Project("{FAE04EC0-301F-11D3-BF4B-00C04F79EFBC}") = "ET.APP", "DotNet\ET.APP\ET.APP.csproj", "{4267A636-973C-444A-AA69-010ED0D1684F}"
EndProject
Project("{2150E333-8FDC-42A3-9474-1A3956D46DE8}") = "Unity", "Unity", "{B4FC3006-A1F6-4708-BC61-90117A9BEDA5}"
EndProject
Project("{2150E333-8FDC-42A3-9474-1A3956D46DE8}") = "DotNet", "DotNet", "{51E24CEE-263B-4C3E-A7FF-C1FE9C903083}"
EndProject
Project("{FAE04EC0-301F-11D3-BF4B-00C04F79EFBC}") = "ET.Core", "Unity\ET.Core.csproj", "{357275F9-23B5-ED06-A723-291680D452AA}"
EndProject
Project("{FAE04EC0-301F-11D3-BF4B-00C04F79EFBC}") = "ET.Editor", "Unity\ET.Editor.csproj", "{8A665DA1-97FE-2EAA-63F9-2C1A10129E7C}"
EndProject
Project("{FAE04EC0-301F-11D3-BF4B-00C04F79EFBC}") = "ET.Hotfix", "Unity\ET.Hotfix.csproj", "{A245516C-DF9D-4DF9-B6CB-B8E99D56D679}"
EndProject
Project("{FAE04EC0-301F-11D3-BF4B-00C04F79EFBC}") = "ET.HotfixView", "Unity\ET.HotfixView.csproj", "{4755D7E6-9C18-87F7-9FB0-AA8AF1801E83}"
EndProject
Project("{FAE04EC0-301F-11D3-BF4B-00C04F79EFBC}") = "ET.Loader", "Unity\ET.Loader.csproj", "{7426908B-F33B-16FE-D8E3-0A19FFDA947F}"
EndProject
Project("{FAE04EC0-301F-11D3-BF4B-00C04F79EFBC}") = "ET.Model", "Unity\ET.Model.csproj", "{C3758BE1-78D5-CA86-C48D-CB9EE0875B9C}"
EndProject
Project("{FAE04EC0-301F-11D3-BF4B-00C04F79EFBC}") = "ET.ModelView", "Unity\ET.ModelView.csproj", "{18FC8021-2861-97B8-C06F-E793AD2027C2}"
EndProject
Project("{FAE04EC0-301F-11D3-BF4B-00C04F79EFBC}") = "ET.ThirdParty", "Unity\ET.ThirdParty.csproj", "{5EBA1D51-1D22-D1BD-91A2-05A6DF917BC0}"
EndProject
Global
	GlobalSection(SolutionConfigurationPlatforms) = preSolution
		Debug|Any CPU = Debug|Any CPU
		Release|Any CPU = Release|Any CPU
	EndGlobalSection
	GlobalSection(ProjectConfigurationPlatforms) = postSolution
		{442E2CA9-CF71-4674-BD88-185CBF842693}.Debug|Any CPU.ActiveCfg = Debug|Any CPU
		{442E2CA9-CF71-4674-BD88-185CBF842693}.Debug|Any CPU.Build.0 = Debug|Any CPU
		{442E2CA9-CF71-4674-BD88-185CBF842693}.Release|Any CPU.ActiveCfg = Release|Any CPU
		{442E2CA9-CF71-4674-BD88-185CBF842693}.Release|Any CPU.Build.0 = Release|Any CPU
		{32796A46-E4B9-4781-966C-48051FFA9F0B}.Debug|Any CPU.ActiveCfg = Debug|Any CPU
		{32796A46-E4B9-4781-966C-48051FFA9F0B}.Debug|Any CPU.Build.0 = Debug|Any CPU
		{32796A46-E4B9-4781-966C-48051FFA9F0B}.Release|Any CPU.ActiveCfg = Release|Any CPU
		{32796A46-E4B9-4781-966C-48051FFA9F0B}.Release|Any CPU.Build.0 = Release|Any CPU
		{13CFA230-4151-4B52-B9CB-2A3E4DAAA93D}.Debug|Any CPU.ActiveCfg = Debug|Any CPU
		{13CFA230-4151-4B52-B9CB-2A3E4DAAA93D}.Debug|Any CPU.Build.0 = Debug|Any CPU
		{13CFA230-4151-4B52-B9CB-2A3E4DAAA93D}.Release|Any CPU.ActiveCfg = Release|Any CPU
		{13CFA230-4151-4B52-B9CB-2A3E4DAAA93D}.Release|Any CPU.Build.0 = Release|Any CPU
		{669FFD01-7450-4D56-AAF8-2EDF611BB820}.Debug|Any CPU.ActiveCfg = Debug|Any CPU
		{669FFD01-7450-4D56-AAF8-2EDF611BB820}.Debug|Any CPU.Build.0 = Debug|Any CPU
		{669FFD01-7450-4D56-AAF8-2EDF611BB820}.Release|Any CPU.ActiveCfg = Release|Any CPU
		{669FFD01-7450-4D56-AAF8-2EDF611BB820}.Release|Any CPU.Build.0 = Release|Any CPU
		{48E93FFB-D96B-47DB-AA73-3BD46D594EA8}.Debug|Any CPU.ActiveCfg = Debug|Any CPU
		{48E93FFB-D96B-47DB-AA73-3BD46D594EA8}.Debug|Any CPU.Build.0 = Debug|Any CPU
		{48E93FFB-D96B-47DB-AA73-3BD46D594EA8}.Release|Any CPU.ActiveCfg = Release|Any CPU
		{48E93FFB-D96B-47DB-AA73-3BD46D594EA8}.Release|Any CPU.Build.0 = Release|Any CPU
		{85A24A09-7746-460C-9FBE-75A4608A9B08}.Debug|Any CPU.ActiveCfg = Debug|Any CPU
		{85A24A09-7746-460C-9FBE-75A4608A9B08}.Debug|Any CPU.Build.0 = Debug|Any CPU
		{85A24A09-7746-460C-9FBE-75A4608A9B08}.Release|Any CPU.ActiveCfg = Release|Any CPU
		{85A24A09-7746-460C-9FBE-75A4608A9B08}.Release|Any CPU.Build.0 = Release|Any CPU
		{27F857FF-BC7C-4B5A-9145-A06C205A43A6}.Debug|Any CPU.ActiveCfg = Debug|Any CPU
		{27F857FF-BC7C-4B5A-9145-A06C205A43A6}.Debug|Any CPU.Build.0 = Debug|Any CPU
		{27F857FF-BC7C-4B5A-9145-A06C205A43A6}.Release|Any CPU.ActiveCfg = Release|Any CPU
		{27F857FF-BC7C-4B5A-9145-A06C205A43A6}.Release|Any CPU.Build.0 = Release|Any CPU
		{99F26811-25AC-417B-9398-DA7ECF22B0D6}.Debug|Any CPU.ActiveCfg = Debug|Any CPU
		{99F26811-25AC-417B-9398-DA7ECF22B0D6}.Debug|Any CPU.Build.0 = Debug|Any CPU
		{99F26811-25AC-417B-9398-DA7ECF22B0D6}.Release|Any CPU.ActiveCfg = Release|Any CPU
		{99F26811-25AC-417B-9398-DA7ECF22B0D6}.Release|Any CPU.Build.0 = Release|Any CPU
		{4851E943-C06C-419E-8BB1-29268F27D9E7}.Debug|Any CPU.ActiveCfg = Debug|Any CPU
		{4851E943-C06C-419E-8BB1-29268F27D9E7}.Debug|Any CPU.Build.0 = Debug|Any CPU
		{4851E943-C06C-419E-8BB1-29268F27D9E7}.Release|Any CPU.ActiveCfg = Release|Any CPU
		{4851E943-C06C-419E-8BB1-29268F27D9E7}.Release|Any CPU.Build.0 = Release|Any CPU
		{63A4F44D-C0EB-4D9B-AFCC-23E15D9AEB2E}.Debug|Any CPU.ActiveCfg = Debug|Any CPU
		{63A4F44D-C0EB-4D9B-AFCC-23E15D9AEB2E}.Debug|Any CPU.Build.0 = Debug|Any CPU
		{63A4F44D-C0EB-4D9B-AFCC-23E15D9AEB2E}.Release|Any CPU.ActiveCfg = Release|Any CPU
		{63A4F44D-C0EB-4D9B-AFCC-23E15D9AEB2E}.Release|Any CPU.Build.0 = Release|Any CPU
		{4267A636-973C-444A-AA69-010ED0D1684F}.Debug|Any CPU.ActiveCfg = Debug|Any CPU
		{4267A636-973C-444A-AA69-010ED0D1684F}.Debug|Any CPU.Build.0 = Debug|Any CPU
		{4267A636-973C-444A-AA69-010ED0D1684F}.Release|Any CPU.ActiveCfg = Release|Any CPU
		{4267A636-973C-444A-AA69-010ED0D1684F}.Release|Any CPU.Build.0 = Release|Any CPU
		{357275F9-23B5-ED06-A723-291680D452AA}.Debug|Any CPU.ActiveCfg = Debug|Any CPU
		{357275F9-23B5-ED06-A723-291680D452AA}.Debug|Any CPU.Build.0 = Debug|Any CPU
		{357275F9-23B5-ED06-A723-291680D452AA}.Release|Any CPU.ActiveCfg = Debug|Any CPU
		{357275F9-23B5-ED06-A723-291680D452AA}.Release|Any CPU.Build.0 = Debug|Any CPU
		{8A665DA1-97FE-2EAA-63F9-2C1A10129E7C}.Debug|Any CPU.ActiveCfg = Debug|Any CPU
		{8A665DA1-97FE-2EAA-63F9-2C1A10129E7C}.Debug|Any CPU.Build.0 = Debug|Any CPU
		{8A665DA1-97FE-2EAA-63F9-2C1A10129E7C}.Release|Any CPU.ActiveCfg = Debug|Any CPU
		{8A665DA1-97FE-2EAA-63F9-2C1A10129E7C}.Release|Any CPU.Build.0 = Debug|Any CPU
		{A245516C-DF9D-4DF9-B6CB-B8E99D56D679}.Debug|Any CPU.ActiveCfg = Debug|Any CPU
		{A245516C-DF9D-4DF9-B6CB-B8E99D56D679}.Debug|Any CPU.Build.0 = Debug|Any CPU
		{A245516C-DF9D-4DF9-B6CB-B8E99D56D679}.Release|Any CPU.ActiveCfg = Debug|Any CPU
		{A245516C-DF9D-4DF9-B6CB-B8E99D56D679}.Release|Any CPU.Build.0 = Debug|Any CPU
		{4755D7E6-9C18-87F7-9FB0-AA8AF1801E83}.Debug|Any CPU.ActiveCfg = Debug|Any CPU
		{4755D7E6-9C18-87F7-9FB0-AA8AF1801E83}.Debug|Any CPU.Build.0 = Debug|Any CPU
		{4755D7E6-9C18-87F7-9FB0-AA8AF1801E83}.Release|Any CPU.ActiveCfg = Debug|Any CPU
		{4755D7E6-9C18-87F7-9FB0-AA8AF1801E83}.Release|Any CPU.Build.0 = Debug|Any CPU
		{7426908B-F33B-16FE-D8E3-0A19FFDA947F}.Debug|Any CPU.ActiveCfg = Debug|Any CPU
		{7426908B-F33B-16FE-D8E3-0A19FFDA947F}.Debug|Any CPU.Build.0 = Debug|Any CPU
		{7426908B-F33B-16FE-D8E3-0A19FFDA947F}.Release|Any CPU.ActiveCfg = Debug|Any CPU
		{7426908B-F33B-16FE-D8E3-0A19FFDA947F}.Release|Any CPU.Build.0 = Debug|Any CPU
		{C3758BE1-78D5-CA86-C48D-CB9EE0875B9C}.Debug|Any CPU.ActiveCfg = Debug|Any CPU
		{C3758BE1-78D5-CA86-C48D-CB9EE0875B9C}.Debug|Any CPU.Build.0 = Debug|Any CPU
		{C3758BE1-78D5-CA86-C48D-CB9EE0875B9C}.Release|Any CPU.ActiveCfg = Debug|Any CPU
		{C3758BE1-78D5-CA86-C48D-CB9EE0875B9C}.Release|Any CPU.Build.0 = Debug|Any CPU
		{18FC8021-2861-97B8-C06F-E793AD2027C2}.Debug|Any CPU.ActiveCfg = Debug|Any CPU
		{18FC8021-2861-97B8-C06F-E793AD2027C2}.Debug|Any CPU.Build.0 = Debug|Any CPU
		{18FC8021-2861-97B8-C06F-E793AD2027C2}.Release|Any CPU.ActiveCfg = Debug|Any CPU
		{18FC8021-2861-97B8-C06F-E793AD2027C2}.Release|Any CPU.Build.0 = Debug|Any CPU
		{5EBA1D51-1D22-D1BD-91A2-05A6DF917BC0}.Debug|Any CPU.ActiveCfg = Debug|Any CPU
		{5EBA1D51-1D22-D1BD-91A2-05A6DF917BC0}.Debug|Any CPU.Build.0 = Debug|Any CPU
		{5EBA1D51-1D22-D1BD-91A2-05A6DF917BC0}.Release|Any CPU.ActiveCfg = Debug|Any CPU
		{5EBA1D51-1D22-D1BD-91A2-05A6DF917BC0}.Release|Any CPU.Build.0 = Debug|Any CPU
	EndGlobalSection
	GlobalSection(NestedProjects) = preSolution
		{4267A636-973C-444A-AA69-010ED0D1684F} = {51E24CEE-263B-4C3E-A7FF-C1FE9C903083}
		{442E2CA9-CF71-4674-BD88-185CBF842693} = {51E24CEE-263B-4C3E-A7FF-C1FE9C903083}
		{32796A46-E4B9-4781-966C-48051FFA9F0B} = {51E24CEE-263B-4C3E-A7FF-C1FE9C903083}
		{13CFA230-4151-4B52-B9CB-2A3E4DAAA93D} = {51E24CEE-263B-4C3E-A7FF-C1FE9C903083}
		{669FFD01-7450-4D56-AAF8-2EDF611BB820} = {51E24CEE-263B-4C3E-A7FF-C1FE9C903083}
		{48E93FFB-D96B-47DB-AA73-3BD46D594EA8} = {51E24CEE-263B-4C3E-A7FF-C1FE9C903083}
		{85A24A09-7746-460C-9FBE-75A4608A9B08} = {51E24CEE-263B-4C3E-A7FF-C1FE9C903083}
		{27F857FF-BC7C-4B5A-9145-A06C205A43A6} = {51E24CEE-263B-4C3E-A7FF-C1FE9C903083}
		{99F26811-25AC-417B-9398-DA7ECF22B0D6} = {51E24CEE-263B-4C3E-A7FF-C1FE9C903083}
		{4851E943-C06C-419E-8BB1-29268F27D9E7} = {51E24CEE-263B-4C3E-A7FF-C1FE9C903083}
		{63A4F44D-C0EB-4D9B-AFCC-23E15D9AEB2E} = {51E24CEE-263B-4C3E-A7FF-C1FE9C903083}
		{357275F9-23B5-ED06-A723-291680D452AA} = {B4FC3006-A1F6-4708-BC61-90117A9BEDA5}
		{8A665DA1-97FE-2EAA-63F9-2C1A10129E7C} = {B4FC3006-A1F6-4708-BC61-90117A9BEDA5}
		{A245516C-DF9D-4DF9-B6CB-B8E99D56D679} = {B4FC3006-A1F6-4708-BC61-90117A9BEDA5}
		{4755D7E6-9C18-87F7-9FB0-AA8AF1801E83} = {B4FC3006-A1F6-4708-BC61-90117A9BEDA5}
		{7426908B-F33B-16FE-D8E3-0A19FFDA947F} = {B4FC3006-A1F6-4708-BC61-90117A9BEDA5}
		{C3758BE1-78D5-CA86-C48D-CB9EE0875B9C} = {B4FC3006-A1F6-4708-BC61-90117A9BEDA5}
		{18FC8021-2861-97B8-C06F-E793AD2027C2} = {B4FC3006-A1F6-4708-BC61-90117A9BEDA5}
		{5EBA1D51-1D22-D1BD-91A2-05A6DF917BC0} = {B4FC3006-A1F6-4708-BC61-90117A9BEDA5}
	EndGlobalSection
EndGlobal
