
Microsoft Visual Studio Solution File, Format Version 12.00
# Visual Studio 15
Project("{FAE04EC0-301F-11D3-BF4B-00C04F79EFBC}") = "ETClient.Core", "ETClient.Core.csproj", "{15F26A0B-1437-A29F-E60D-BA0E16D6F52F}"
EndProject
Project("{FAE04EC0-301F-11D3-BF4B-00C04F79EFBC}") = "ETClient.Model", "ETClient.Model.csproj", "{5F9923EB-32E1-9355-7F70-427B8285CDEE}"
EndProject
Project("{FAE04EC0-301F-11D3-BF4B-00C04F79EFBC}") = "ETClient.ThirdParty", "ETClient.ThirdParty.csproj", "{7236BEA7-6A43-EDED-30E5-4A23C76FDB86}"
EndProject
Project("{FAE04EC0-301F-11D3-BF4B-00C04F79EFBC}") = "GameUIFramework", "GameUIFramework.csproj", "{913BCC9C-2432-825F-CF23-F8315ADA15B5}"
EndProject
Project("{FAE04EC0-301F-11D3-BF4B-00C04F79EFBC}") = "ETClient.HotfixView", "ETClient.HotfixView.csproj", "{CE474E90-E78E-7CFF-9A01-CA9C3C4E4B5C}"
EndProject
Project("{FAE04EC0-301F-11D3-BF4B-00C04F79EFBC}") = "ETClient.Hotfix", "ETClient.Hotfix.csproj", "{51C9C2DC-88D2-655D-FE56-970F465071AA}"
EndProject
Project("{FAE04EC0-301F-11D3-BF4B-00C04F79EFBC}") = "ETClient.ModelView", "ETClient.ModelView.csproj", "{23DB4695-2C1E-4AEC-9BEC-84885447775B}"
EndProject
Project("{FAE04EC0-301F-11D3-BF4B-00C04F79EFBC}") = "ETClient.Editor", "ETClient.Editor.csproj", "{33C94881-E1F6-96C6-0265-2E0C5B37256A}"
EndProject
Project("{FAE04EC0-301F-11D3-BF4B-00C04F79EFBC}") = "ETClient.Loader", "ETClient.Loader.csproj", "{783566C1-AAD3-A799-6B04-2639F2E2906C}"
EndProject
Project("{FAE04EC0-301F-11D3-BF4B-00C04F79EFBC}") = "GameUIFramework.Editor", "GameUIFramework.Editor.csproj", "{7E7E3A08-6429-5147-B58D-555120F3CE69}"
EndProject
Project("{FAE04EC0-301F-11D3-BF4B-00C04F79EFBC}") = "GameEntry", "GameEntry.csproj", "{D4C64E87-992D-156B-D2B4-A12B236B4D8B}"
EndProject
Global
	GlobalSection(SolutionConfigurationPlatforms) = preSolution
		Debug|Any CPU = Debug|Any CPU
		Release|Any CPU = Release|Any CPU
	EndGlobalSection
	GlobalSection(ProjectConfigurationPlatforms) = postSolution
		{15F26A0B-1437-A29F-E60D-BA0E16D6F52F}.Debug|Any CPU.ActiveCfg = Debug|Any CPU
		{15F26A0B-1437-A29F-E60D-BA0E16D6F52F}.Debug|Any CPU.Build.0 = Debug|Any CPU
		{15F26A0B-1437-A29F-E60D-BA0E16D6F52F}.Release|Any CPU.ActiveCfg = Release|Any CPU
		{15F26A0B-1437-A29F-E60D-BA0E16D6F52F}.Release|Any CPU.Build.0 = Release|Any CPU
		{5F9923EB-32E1-9355-7F70-427B8285CDEE}.Debug|Any CPU.ActiveCfg = Debug|Any CPU
		{5F9923EB-32E1-9355-7F70-427B8285CDEE}.Debug|Any CPU.Build.0 = Debug|Any CPU
		{5F9923EB-32E1-9355-7F70-427B8285CDEE}.Release|Any CPU.ActiveCfg = Release|Any CPU
		{5F9923EB-32E1-9355-7F70-427B8285CDEE}.Release|Any CPU.Build.0 = Release|Any CPU
		{7236BEA7-6A43-EDED-30E5-4A23C76FDB86}.Debug|Any CPU.ActiveCfg = Debug|Any CPU
		{7236BEA7-6A43-EDED-30E5-4A23C76FDB86}.Debug|Any CPU.Build.0 = Debug|Any CPU
		{7236BEA7-6A43-EDED-30E5-4A23C76FDB86}.Release|Any CPU.ActiveCfg = Release|Any CPU
		{7236BEA7-6A43-EDED-30E5-4A23C76FDB86}.Release|Any CPU.Build.0 = Release|Any CPU
		{913BCC9C-2432-825F-CF23-F8315ADA15B5}.Debug|Any CPU.ActiveCfg = Debug|Any CPU
		{913BCC9C-2432-825F-CF23-F8315ADA15B5}.Debug|Any CPU.Build.0 = Debug|Any CPU
		{913BCC9C-2432-825F-CF23-F8315ADA15B5}.Release|Any CPU.ActiveCfg = Release|Any CPU
		{913BCC9C-2432-825F-CF23-F8315ADA15B5}.Release|Any CPU.Build.0 = Release|Any CPU
		{CE474E90-E78E-7CFF-9A01-CA9C3C4E4B5C}.Debug|Any CPU.ActiveCfg = Debug|Any CPU
		{CE474E90-E78E-7CFF-9A01-CA9C3C4E4B5C}.Debug|Any CPU.Build.0 = Debug|Any CPU
		{CE474E90-E78E-7CFF-9A01-CA9C3C4E4B5C}.Release|Any CPU.ActiveCfg = Release|Any CPU
		{CE474E90-E78E-7CFF-9A01-CA9C3C4E4B5C}.Release|Any CPU.Build.0 = Release|Any CPU
		{51C9C2DC-88D2-655D-FE56-970F465071AA}.Debug|Any CPU.ActiveCfg = Debug|Any CPU
		{51C9C2DC-88D2-655D-FE56-970F465071AA}.Debug|Any CPU.Build.0 = Debug|Any CPU
		{51C9C2DC-88D2-655D-FE56-970F465071AA}.Release|Any CPU.ActiveCfg = Release|Any CPU
		{51C9C2DC-88D2-655D-FE56-970F465071AA}.Release|Any CPU.Build.0 = Release|Any CPU
		{23DB4695-2C1E-4AEC-9BEC-84885447775B}.Debug|Any CPU.ActiveCfg = Debug|Any CPU
		{23DB4695-2C1E-4AEC-9BEC-84885447775B}.Debug|Any CPU.Build.0 = Debug|Any CPU
		{23DB4695-2C1E-4AEC-9BEC-84885447775B}.Release|Any CPU.ActiveCfg = Release|Any CPU
		{23DB4695-2C1E-4AEC-9BEC-84885447775B}.Release|Any CPU.Build.0 = Release|Any CPU
		{33C94881-E1F6-96C6-0265-2E0C5B37256A}.Debug|Any CPU.ActiveCfg = Debug|Any CPU
		{33C94881-E1F6-96C6-0265-2E0C5B37256A}.Debug|Any CPU.Build.0 = Debug|Any CPU
		{33C94881-E1F6-96C6-0265-2E0C5B37256A}.Release|Any CPU.ActiveCfg = Release|Any CPU
		{33C94881-E1F6-96C6-0265-2E0C5B37256A}.Release|Any CPU.Build.0 = Release|Any CPU
		{783566C1-AAD3-A799-6B04-2639F2E2906C}.Debug|Any CPU.ActiveCfg = Debug|Any CPU
		{783566C1-AAD3-A799-6B04-2639F2E2906C}.Debug|Any CPU.Build.0 = Debug|Any CPU
		{783566C1-AAD3-A799-6B04-2639F2E2906C}.Release|Any CPU.ActiveCfg = Release|Any CPU
		{783566C1-AAD3-A799-6B04-2639F2E2906C}.Release|Any CPU.Build.0 = Release|Any CPU
		{7E7E3A08-6429-5147-B58D-555120F3CE69}.Debug|Any CPU.ActiveCfg = Debug|Any CPU
		{7E7E3A08-6429-5147-B58D-555120F3CE69}.Debug|Any CPU.Build.0 = Debug|Any CPU
		{7E7E3A08-6429-5147-B58D-555120F3CE69}.Release|Any CPU.ActiveCfg = Release|Any CPU
		{7E7E3A08-6429-5147-B58D-555120F3CE69}.Release|Any CPU.Build.0 = Release|Any CPU
		{D4C64E87-992D-156B-D2B4-A12B236B4D8B}.Debug|Any CPU.ActiveCfg = Debug|Any CPU
		{D4C64E87-992D-156B-D2B4-A12B236B4D8B}.Debug|Any CPU.Build.0 = Debug|Any CPU
		{D4C64E87-992D-156B-D2B4-A12B236B4D8B}.Release|Any CPU.ActiveCfg = Release|Any CPU
		{D4C64E87-992D-156B-D2B4-A12B236B4D8B}.Release|Any CPU.Build.0 = Release|Any CPU
	EndGlobalSection
	GlobalSection(SolutionProperties) = preSolution
		HideSolutionNode = FALSE
	EndGlobalSection
EndGlobal
